
Microsoft Visual Studio Solution File, Format Version 12.00
# Visual Studio Version 17
VisualStudioVersion = 17.8.34309.116
MinimumVisualStudioVersion = 10.0.40219.1
Project("{9A19103F-16F7-4668-BE54-9A1E7A4F7556}") = "Sample.WorkerService", "src\Sample.WorkerService\Sample.WorkerService.csproj", "{C5A4919E-48F4-4662-84FB-900F6A203448}"
EndProject
Project("{9A19103F-16F7-4668-BE54-9A1E7A4F7556}") = "Sample.WorkerService.Core", "src\Sample.WorkerService.Core\Sample.WorkerService.Core.csproj", "{C5527242-43DF-4F00-AFD5-6C3770ACF77A}"
EndProject
Global
	GlobalSection(SolutionConfigurationPlatforms) = preSolution
		Debug|Any CPU = Debug|Any CPU
		Debug|x64 = Debug|x64
		Release|Any CPU = Release|Any CPU
		Release|x64 = Release|x64
	EndGlobalSection
	GlobalSection(ProjectConfigurationPlatforms) = postSolution
		{C5A4919E-48F4-4662-84FB-900F6A203448}.Debug|Any CPU.ActiveCfg = Debug|Any CPU
		{C5A4919E-48F4-4662-84FB-900F6A203448}.Debug|Any CPU.Build.0 = Debug|Any CPU
		{C5A4919E-48F4-4662-84FB-900F6A203448}.Debug|x64.ActiveCfg = Debug|x64
		{C5A4919E-48F4-4662-84FB-900F6A203448}.Debug|x64.Build.0 = Debug|x64
		{C5A4919E-48F4-4662-84FB-900F6A203448}.Release|Any CPU.ActiveCfg = Release|Any CPU
		{C5A4919E-48F4-4662-84FB-900F6A203448}.Release|Any CPU.Build.0 = Release|Any CPU
		{C5A4919E-48F4-4662-84FB-900F6A203448}.Release|x64.ActiveCfg = Release|x64
		{C5A4919E-48F4-4662-84FB-900F6A203448}.Release|x64.Build.0 = Release|x64
		{C5527242-43DF-4F00-AFD5-6C3770ACF77A}.Debug|Any CPU.ActiveCfg = Debug|Any CPU
		{C5527242-43DF-4F00-AFD5-6C3770ACF77A}.Debug|Any CPU.Build.0 = Debug|Any CPU
		{C5527242-43DF-4F00-AFD5-6C3770ACF77A}.Debug|x64.ActiveCfg = Debug|Any CPU
		{C5527242-43DF-4F00-AFD5-6C3770ACF77A}.Debug|x64.Build.0 = Debug|Any CPU
		{C5527242-43DF-4F00-AFD5-6C3770ACF77A}.Release|Any CPU.ActiveCfg = Release|Any CPU
		{C5527242-43DF-4F00-AFD5-6C3770ACF77A}.Release|Any CPU.Build.0 = Release|Any CPU
		{C5527242-43DF-4F00-AFD5-6C3770ACF77A}.Release|x64.ActiveCfg = Release|Any CPU
		{C5527242-43DF-4F00-AFD5-6C3770ACF77A}.Release|x64.Build.0 = Release|Any CPU
	EndGlobalSection
	GlobalSection(SolutionProperties) = preSolution
		HideSolutionNode = FALSE
	EndGlobalSection
	GlobalSection(ExtensibilityGlobals) = postSolution
		SolutionGuid = {9737A614-067B-4743-9725-DD92824DF7F3}
	EndGlobalSection
EndGlobal
